
Microsoft Visual Studio Solution File, Format Version 12.00
# Visual Studio Version 17
VisualStudioVersion = 17.14.36301.6
MinimumVisualStudioVersion = 10.0.40219.1
Project("{FAE04EC0-301F-11D3-BF4B-00C04F79EFBC}") = "Assignment_3", "Assignment_3.csproj", "{268E4362-236A-4878-B521-2B3608C658B4}"
EndProject
Project("{FAE04EC0-301F-11D3-BF4B-00C04F79EFBC}") = "Test_Assignment_3_1", "..\Test_Assignment_3_1\Test_Assignment_3_1.csproj", "{EDE62D35-C266-4452-BBAA-DC6D46129F98}"
EndProject
Global
	GlobalSection(SolutionConfigurationPlatforms) = preSolution
		Debug|Any CPU = Debug|Any CPU
		Release|Any CPU = Release|Any CPU
	EndGlobalSection
	GlobalSection(ProjectConfigurationPlatforms) = postSolution
		{268E4362-236A-4878-B521-2B3608C658B4}.Debug|Any CPU.ActiveCfg = Debug|Any CPU
		{268E4362-236A-4878-B521-2B3608C658B4}.Debug|Any CPU.Build.0 = Debug|Any CPU
		{268E4362-236A-4878-B521-2B3608C658B4}.Release|Any CPU.ActiveCfg = Release|Any CPU
		{268E4362-236A-4878-B521-2B3608C658B4}.Release|Any CPU.Build.0 = Release|Any CPU
		{EDE62D35-C266-4452-BBAA-DC6D46129F98}.Debug|Any CPU.ActiveCfg = Debug|Any CPU
		{EDE62D35-C266-4452-BBAA-DC6D46129F98}.Debug|Any CPU.Build.0 = Debug|Any CPU
		{EDE62D35-C266-4452-BBAA-DC6D46129F98}.Release|Any CPU.ActiveCfg = Release|Any CPU
		{EDE62D35-C266-4452-BBAA-DC6D46129F98}.Release|Any CPU.Build.0 = Release|Any CPU
	EndGlobalSection
	GlobalSection(SolutionProperties) = preSolution
		HideSolutionNode = FALSE
	EndGlobalSection
	GlobalSection(ExtensibilityGlobals) = postSolution
		SolutionGuid = {11CDC0C3-BCE8-4AE0-828D-54CBB696B342}
	EndGlobalSection
EndGlobal
